
Microsoft Visual Studio Solution File, Format Version 12.00
# Visual Studio 15
VisualStudioVersion = 15.0.28307.1022
MinimumVisualStudioVersion = 10.0.40219.1
Project("{8BC9CEB8-8B4A-11D0-8D11-00A0C91BC942}") = "4.10exercise1", "4.10exercise1\4.10exercise1.vcxproj", "{5FB534A9-8825-49BA-B534-BB88CE381219}"
EndProject
Global
	GlobalSection(SolutionConfigurationPlatforms) = preSolution
		Debug|x64 = Debug|x64
		Debug|x86 = Debug|x86
		Release|x64 = Release|x64
		Release|x86 = Release|x86
	EndGlobalSection
	GlobalSection(ProjectConfigurationPlatforms) = postSolution
		{5FB534A9-8825-49BA-B534-BB88CE381219}.Debug|x64.ActiveCfg = Debug|x64
		{5FB534A9-8825-49BA-B534-BB88CE381219}.Debug|x64.Build.0 = Debug|x64
		{5FB534A9-8825-49BA-B534-BB88CE381219}.Debug|x86.ActiveCfg = Debug|Win32
		{5FB534A9-8825-49BA-B534-BB88CE381219}.Debug|x86.Build.0 = Debug|Win32
		{5FB534A9-8825-49BA-B534-BB88CE381219}.Release|x64.ActiveCfg = Release|x64
		{5FB534A9-8825-49BA-B534-BB88CE381219}.Release|x64.Build.0 = Release|x64
		{5FB534A9-8825-49BA-B534-BB88CE381219}.Release|x86.ActiveCfg = Release|Win32
		{5FB534A9-8825-49BA-B534-BB88CE381219}.Release|x86.Build.0 = Release|Win32
	EndGlobalSection
	GlobalSection(SolutionProperties) = preSolution
		HideSolutionNode = FALSE
	EndGlobalSection
	GlobalSection(ExtensibilityGlobals) = postSolution
		SolutionGuid = {A8EF39B1-2C64-46D1-9D71-D99B7CE5A84C}
	EndGlobalSection
EndGlobal
